// !$*UTF8*$!
{
	archiveVersion = 1;
	classes = {
	};
	objectVersion = 55;
	objects = {

/* Begin PBXBuildFile section */
		18F2E04D2A96374E008970C0 /* LadkeiOSApp.swift in Sources */ = {isa = PBXBuildFile; fileRef = 18F2E04C2A96374E008970C0 /* LadkeiOSApp.swift */; };
		18F2E04F2A96374E008970C0 /* ContentView.swift in Sources */ = {isa = PBXBuildFile; fileRef = 18F2E04E2A96374E008970C0 /* ContentView.swift */; };
		18F2E0512A963753008970C0 /* Assets.xcassets in Resources */ = {isa = PBXBuildFile; fileRef = 18F2E0502A963753008970C0 /* Assets.xcassets */; };
		18F2E0542A963753008970C0 /* Preview Assets.xcassets in Resources */ = {isa = PBXBuildFile; fileRef = 18F2E0532A963753008970C0 /* Preview Assets.xcassets */; };
		18F2E0562A963753008970C0 /* Persistence.swift in Sources */ = {isa = PBXBuildFile; fileRef = 18F2E0552A963753008970C0 /* Persistence.swift */; };
		18F2E0592A963753008970C0 /* LadkeiOS.xcdatamodeld in Sources */ = {isa = PBXBuildFile; fileRef = 18F2E0572A963753008970C0 /* LadkeiOS.xcdatamodeld */; };
		18F2E0632A963753008970C0 /* LadkeiOSTests.swift in Sources */ = {isa = PBXBuildFile; fileRef = 18F2E0622A963753008970C0 /* LadkeiOSTests.swift */; };
		18F2E06D2A963753008970C0 /* LadkeiOSUITests.swift in Sources */ = {isa = PBXBuildFile; fileRef = 18F2E06C2A963753008970C0 /* LadkeiOSUITests.swift */; };
		18F2E06F2A963753008970C0 /* LadkeiOSUITestsLaunchTests.swift in Sources */ = {isa = PBXBuildFile; fileRef = 18F2E06E2A963753008970C0 /* LadkeiOSUITestsLaunchTests.swift */; };
/* End PBXBuildFile section */

/* Begin PBXContainerItemProxy section */
		18F2E05F2A963753008970C0 /* PBXContainerItemProxy */ = {
			isa = PBXContainerItemProxy;
			containerPortal = 18F2E0412A96374E008970C0 /* Project object */;
			proxyType = 1;
			remoteGlobalIDString = 18F2E0482A96374E008970C0;
			remoteInfo = LadkeiOS;
		};
		18F2E0692A963753008970C0 /* PBXContainerItemProxy */ = {
			isa = PBXContainerItemProxy;
			containerPortal = 18F2E0412A96374E008970C0 /* Project object */;
			proxyType = 1;
			remoteGlobalIDString = 18F2E0482A96374E008970C0;
			remoteInfo = LadkeiOS;
		};
/* End PBXContainerItemProxy section */

/* Begin PBXFileReference section */
		18F2E0492A96374E008970C0 /* LadkeiOS.app */ = {isa = PBXFileReference; explicitFileType = wrapper.application; includeInIndex = 0; path = LadkeiOS.app; sourceTree = BUILT_PRODUCTS_DIR; };
		18F2E04C2A96374E008970C0 /* LadkeiOSApp.swift */ = {isa = PBXFileReference; lastKnownFileType = sourcecode.swift; path = LadkeiOSApp.swift; sourceTree = "<group>"; };
		18F2E04E2A96374E008970C0 /* ContentView.swift */ = {isa = PBXFileReference; lastKnownFileType = sourcecode.swift; path = ContentView.swift; sourceTree = "<group>"; };
		18F2E0502A963753008970C0 /* Assets.xcassets */ = {isa = PBXFileReference; lastKnownFileType = folder.assetcatalog; path = Assets.xcassets; sourceTree = "<group>"; };
		18F2E0532A963753008970C0 /* Preview Assets.xcassets */ = {isa = PBXFileReference; lastKnownFileType = folder.assetcatalog; path = "Preview Assets.xcassets"; sourceTree = "<group>"; };
		18F2E0552A963753008970C0 /* Persistence.swift */ = {isa = PBXFileReference; lastKnownFileType = sourcecode.swift; path = Persistence.swift; sourceTree = "<group>"; };
		18F2E0582A963753008970C0 /* LadkeiOS.xcdatamodel */ = {isa = PBXFileReference; lastKnownFileType = wrapper.xcdatamodel; path = LadkeiOS.xcdatamodel; sourceTree = "<group>"; };
		18F2E05E2A963753008970C0 /* LadkeiOSTests.xctest */ = {isa = PBXFileReference; explicitFileType = wrapper.cfbundle; includeInIndex = 0; path = LadkeiOSTests.xctest; sourceTree = BUILT_PRODUCTS_DIR; };
		18F2E0622A963753008970C0 /* LadkeiOSTests.swift */ = {isa = PBXFileReference; lastKnownFileType = sourcecode.swift; path = LadkeiOSTests.swift; sourceTree = "<group>"; };
		18F2E0682A963753008970C0 /* LadkeiOSUITests.xctest */ = {isa = PBXFileReference; explicitFileType = wrapper.cfbundle; includeInIndex = 0; path = LadkeiOSUITests.xctest; sourceTree = BUILT_PRODUCTS_DIR; };
		18F2E06C2A963753008970C0 /* LadkeiOSUITests.swift */ = {isa = PBXFileReference; lastKnownFileType = sourcecode.swift; path = LadkeiOSUITests.swift; sourceTree = "<group>"; };
		18F2E06E2A963753008970C0 /* LadkeiOSUITestsLaunchTests.swift */ = {isa = PBXFileReference; lastKnownFileType = sourcecode.swift; path = LadkeiOSUITestsLaunchTests.swift; sourceTree = "<group>"; };
/* End PBXFileReference section */

/* Begin PBXFrameworksBuildPhase section */
		18F2E0462A96374E008970C0 /* Frameworks */ = {
			isa = PBXFrameworksBuildPhase;
			buildActionMask = 2147483647;
			files = (
			);
			runOnlyForDeploymentPostprocessing = 0;
		};
		18F2E05B2A963753008970C0 /* Frameworks */ = {
			isa = PBXFrameworksBuildPhase;
			buildActionMask = 2147483647;
			files = (
			);
			runOnlyForDeploymentPostprocessing = 0;
		};
		18F2E0652A963753008970C0 /* Frameworks */ = {
			isa = PBXFrameworksBuildPhase;
			buildActionMask = 2147483647;
			files = (
			);
			runOnlyForDeploymentPostprocessing = 0;
		};
/* End PBXFrameworksBuildPhase section */

/* Begin PBXGroup section */
		18F2E0402A96374E008970C0 = {
			isa = PBXGroup;
			children = (
				18F2E04B2A96374E008970C0 /* LadkeiOS */,
				18F2E0612A963753008970C0 /* LadkeiOSTests */,
				18F2E06B2A963753008970C0 /* LadkeiOSUITests */,
				18F2E04A2A96374E008970C0 /* Products */,
			);
			sourceTree = "<group>";
		};
		18F2E04A2A96374E008970C0 /* Products */ = {
			isa = PBXGroup;
			children = (
				18F2E0492A96374E008970C0 /* LadkeiOS.app */,
				18F2E05E2A963753008970C0 /* LadkeiOSTests.xctest */,
				18F2E0682A963753008970C0 /* LadkeiOSUITests.xctest */,
			);
			name = Products;
			sourceTree = "<group>";
		};
		18F2E04B2A96374E008970C0 /* LadkeiOS */ = {
			isa = PBXGroup;
			children = (
				18F2E04C2A96374E008970C0 /* LadkeiOSApp.swift */,
				18F2E04E2A96374E008970C0 /* ContentView.swift */,
				18F2E0502A963753008970C0 /* Assets.xcassets */,
				18F2E0552A963753008970C0 /* Persistence.swift */,
				18F2E0572A963753008970C0 /* LadkeiOS.xcdatamodeld */,
				18F2E0522A963753008970C0 /* Preview Content */,
			);
			path = LadkeiOS;
			sourceTree = "<group>";
		};
		18F2E0522A963753008970C0 /* Preview Content */ = {
			isa = PBXGroup;
			children = (
				18F2E0532A963753008970C0 /* Preview Assets.xcassets */,
			);
			path = "Preview Content";
			sourceTree = "<group>";
		};
		18F2E0612A963753008970C0 /* LadkeiOSTests */ = {
			isa = PBXGroup;
			children = (
				18F2E0622A963753008970C0 /* LadkeiOSTests.swift */,
			);
			path = LadkeiOSTests;
			sourceTree = "<group>";
		};
		18F2E06B2A963753008970C0 /* LadkeiOSUITests */ = {
			isa = PBXGroup;
			children = (
				18F2E06C2A963753008970C0 /* LadkeiOSUITests.swift */,
				18F2E06E2A963753008970C0 /* LadkeiOSUITestsLaunchTests.swift */,
			);
			path = LadkeiOSUITests;
			sourceTree = "<group>";
		};
/* End PBXGroup section */

/* Begin PBXNativeTarget section */
		18F2E0482A96374E008970C0 /* LadkeiOS */ = {
			isa = PBXNativeTarget;
			buildConfigurationList = 18F2E0722A963753008970C0 /* Build configuration list for PBXNativeTarget "LadkeiOS" */;
			buildPhases = (
				18F2E0452A96374E008970C0 /* Sources */,
				18F2E0462A96374E008970C0 /* Frameworks */,
				18F2E0472A96374E008970C0 /* Resources */,
			);
			buildRules = (
			);
			dependencies = (
			);
			name = LadkeiOS;
			productName = LadkeiOS;
			productReference = 18F2E0492A96374E008970C0 /* LadkeiOS.app */;
			productType = "com.apple.product-type.application";
		};
		18F2E05D2A963753008970C0 /* LadkeiOSTests */ = {
			isa = PBXNativeTarget;
			buildConfigurationList = 18F2E0752A963753008970C0 /* Build configuration list for PBXNativeTarget "LadkeiOSTests" */;
			buildPhases = (
				18F2E05A2A963753008970C0 /* Sources */,
				18F2E05B2A963753008970C0 /* Frameworks */,
				18F2E05C2A963753008970C0 /* Resources */,
			);
			buildRules = (
			);
			dependencies = (
				18F2E0602A963753008970C0 /* PBXTargetDependency */,
			);
			name = LadkeiOSTests;
			productName = LadkeiOSTests;
			productReference = 18F2E05E2A963753008970C0 /* LadkeiOSTests.xctest */;
			productType = "com.apple.product-type.bundle.unit-test";
		};
		18F2E0672A963753008970C0 /* LadkeiOSUITests */ = {
			isa = PBXNativeTarget;
			buildConfigurationList = 18F2E0782A963753008970C0 /* Build configuration list for PBXNativeTarget "LadkeiOSUITests" */;
			buildPhases = (
				18F2E0642A963753008970C0 /* Sources */,
				18F2E0652A963753008970C0 /* Frameworks */,
				18F2E0662A963753008970C0 /* Resources */,
			);
			buildRules = (
			);
			dependencies = (
				18F2E06A2A963753008970C0 /* PBXTargetDependency */,
			);
			name = LadkeiOSUITests;
			productName = LadkeiOSUITests;
			productReference = 18F2E0682A963753008970C0 /* LadkeiOSUITests.xctest */;
			productType = "com.apple.product-type.bundle.ui-testing";
		};
/* End PBXNativeTarget section */

/* Begin PBXProject section */
		18F2E0412A96374E008970C0 /* Project object */ = {
			isa = PBXProject;
			attributes = {
				BuildIndependentTargetsInParallel = 1;
				LastSwiftUpdateCheck = 1340;
				LastUpgradeCheck = 1340;
				TargetAttributes = {
					18F2E0482A96374E008970C0 = {
						CreatedOnToolsVersion = 13.4.1;
					};
					18F2E05D2A963753008970C0 = {
						CreatedOnToolsVersion = 13.4.1;
						TestTargetID = 18F2E0482A96374E008970C0;
					};
					18F2E0672A963753008970C0 = {
						CreatedOnToolsVersion = 13.4.1;
						TestTargetID = 18F2E0482A96374E008970C0;
					};
				};
			};
			buildConfigurationList = 18F2E0442A96374E008970C0 /* Build configuration list for PBXProject "LadkeiOS" */;
			compatibilityVersion = "Xcode 13.0";
			developmentRegion = en;
			hasScannedForEncodings = 0;
			knownRegions = (
				en,
				Base,
			);
			mainGroup = 18F2E0402A96374E008970C0;
			productRefGroup = 18F2E04A2A96374E008970C0 /* Products */;
			projectDirPath = "";
			projectRoot = "";
			targets = (
				18F2E0482A96374E008970C0 /* LadkeiOS */,
				18F2E05D2A963753008970C0 /* LadkeiOSTests */,
				18F2E0672A963753008970C0 /* LadkeiOSUITests */,
			);
		};
/* End PBXProject section */

/* Begin PBXResourcesBuildPhase section */
		18F2E0472A96374E008970C0 /* Resources */ = {
			isa = PBXResourcesBuildPhase;
			buildActionMask = 2147483647;
			files = (
				18F2E0542A963753008970C0 /* Preview Assets.xcassets in Resources */,
				18F2E0512A963753008970C0 /* Assets.xcassets in Resources */,
			);
			runOnlyForDeploymentPostprocessing = 0;
		};
		18F2E05C2A963753008970C0 /* Resources */ = {
			isa = PBXResourcesBuildPhase;
			buildActionMask = 2147483647;
			files = (
			);
			runOnlyForDeploymentPostprocessing = 0;
		};
		18F2E0662A963753008970C0 /* Resources */ = {
			isa = PBXResourcesBuildPhase;
			buildActionMask = 2147483647;
			files = (
			);
			runOnlyForDeploymentPostprocessing = 0;
		};
/* End PBXResourcesBuildPhase section */

/* Begin PBXSourcesBuildPhase section */
		18F2E0452A96374E008970C0 /* Sources */ = {
			isa = PBXSourcesBuildPhase;
			buildActionMask = 2147483647;
			files = (
				18F2E0562A963753008970C0 /* Persistence.swift in Sources */,
				18F2E0592A963753008970C0 /* LadkeiOS.xcdatamodeld in Sources */,
				18F2E04F2A96374E008970C0 /* ContentView.swift in Sources */,
				18F2E04D2A96374E008970C0 /* LadkeiOSApp.swift in Sources */,
			);
			runOnlyForDeploymentPostprocessing = 0;
		};
		18F2E05A2A963753008970C0 /* Sources */ = {
			isa = PBXSourcesBuildPhase;
			buildActionMask = 2147483647;
			files = (
				18F2E0632A963753008970C0 /* LadkeiOSTests.swift in Sources */,
			);
			runOnlyForDeploymentPostprocessing = 0;
		};
		18F2E0642A963753008970C0 /* Sources */ = {
			isa = PBXSourcesBuildPhase;
			buildActionMask = 2147483647;
			files = (
				18F2E06F2A963753008970C0 /* LadkeiOSUITestsLaunchTests.swift in Sources */,
				18F2E06D2A963753008970C0 /* LadkeiOSUITests.swift in Sources */,
			);
			runOnlyForDeploymentPostprocessing = 0;
		};
/* End PBXSourcesBuildPhase section */

/* Begin PBXTargetDependency section */
		18F2E0602A963753008970C0 /* PBXTargetDependency */ = {
			isa = PBXTargetDependency;
			target = 18F2E0482A96374E008970C0 /* LadkeiOS */;
			targetProxy = 18F2E05F2A963753008970C0 /* PBXContainerItemProxy */;
		};
		18F2E06A2A963753008970C0 /* PBXTargetDependency */ = {
			isa = PBXTargetDependency;
			target = 18F2E0482A96374E008970C0 /* LadkeiOS */;
			targetProxy = 18F2E0692A963753008970C0 /* PBXContainerItemProxy */;
		};
/* End PBXTargetDependency section */

/* Begin XCBuildConfiguration section */
		18F2E0702A963753008970C0 /* Debug */ = {
			isa = XCBuildConfiguration;
			buildSettings = {
				ALWAYS_SEARCH_USER_PATHS = NO;
				CLANG_ANALYZER_NONNULL = YES;
				CLANG_ANALYZER_NUMBER_OBJECT_CONVERSION = YES_AGGRESSIVE;
				CLANG_CXX_LANGUAGE_STANDARD = "gnu++17";
				CLANG_ENABLE_MODULES = YES;
				CLANG_ENABLE_OBJC_ARC = YES;
				CLANG_ENABLE_OBJC_WEAK = YES;
				CLANG_WARN_BLOCK_CAPTURE_AUTORELEASING = YES;
				CLANG_WARN_BOOL_CONVERSION = YES;
				CLANG_WARN_COMMA = YES;
				CLANG_WARN_CONSTANT_CONVERSION = YES;
				CLANG_WARN_DEPRECATED_OBJC_IMPLEMENTATIONS = YES;
				CLANG_WARN_DIRECT_OBJC_ISA_USAGE = YES_ERROR;
				CLANG_WARN_DOCUMENTATION_COMMENTS = YES;
				CLANG_WARN_EMPTY_BODY = YES;
				CLANG_WARN_ENUM_CONVERSION = YES;
				CLANG_WARN_INFINITE_RECURSION = YES;
				CLANG_WARN_INT_CONVERSION = YES;
				CLANG_WARN_NON_LITERAL_NULL_CONVERSION = YES;
				CLANG_WARN_OBJC_IMPLICIT_RETAIN_SELF = YES;
				CLANG_WARN_OBJC_LITERAL_CONVERSION = YES;
				CLANG_WARN_OBJC_ROOT_CLASS = YES_ERROR;
				CLANG_WARN_QUOTED_INCLUDE_IN_FRAMEWORK_HEADER = YES;
				CLANG_WARN_RANGE_LOOP_ANALYSIS = YES;
				CLANG_WARN_STRICT_PROTOTYPES = YES;
				CLANG_WARN_SUSPICIOUS_MOVE = YES;
				CLANG_WARN_UNGUARDED_AVAILABILITY = YES_AGGRESSIVE;
				CLANG_WARN_UNREACHABLE_CODE = YES;
				CLANG_WARN__DUPLICATE_METHOD_MATCH = YES;
				COPY_PHASE_STRIP = NO;
				DEBUG_INFORMATION_FORMAT = dwarf;
				ENABLE_STRICT_OBJC_MSGSEND = YES;
				ENABLE_TESTABILITY = YES;
				GCC_C_LANGUAGE_STANDARD = gnu11;
				GCC_DYNAMIC_NO_PIC = NO;
				GCC_NO_COMMON_BLOCKS = YES;
				GCC_OPTIMIZATION_LEVEL = 0;
				GCC_PREPROCESSOR_DEFINITIONS = (
					"DEBUG=1",
					"$(inherited)",
				);
				GCC_WARN_64_TO_32_BIT_CONVERSION = YES;
				GCC_WARN_ABOUT_RETURN_TYPE = YES_ERROR;
				GCC_WARN_UNDECLARED_SELECTOR = YES;
				GCC_WARN_UNINITIALIZED_AUTOS = YES_AGGRESSIVE;
				GCC_WARN_UNUSED_FUNCTION = YES;
				GCC_WARN_UNUSED_VARIABLE = YES;
				IPHONEOS_DEPLOYMENT_TARGET = 15.5;
				MTL_ENABLE_DEBUG_INFO = INCLUDE_SOURCE;
				MTL_FAST_MATH = YES;
				ONLY_ACTIVE_ARCH = YES;
				SDKROOT = iphoneos;
				SWIFT_ACTIVE_COMPILATION_CONDITIONS = DEBUG;
				SWIFT_OPTIMIZATION_LEVEL = "-Onone";
			};
			name = Debug;
		};
		18F2E0712A963753008970C0 /* Release */ = {
			isa = XCBuildConfiguration;
			buildSettings = {
				ALWAYS_SEARCH_USER_PATHS = NO;
				CLANG_ANALYZER_NONNULL = YES;
				CLANG_ANALYZER_NUMBER_OBJECT_CONVERSION = YES_AGGRESSIVE;
				CLANG_CXX_LANGUAGE_STANDARD = "gnu++17";
				CLANG_ENABLE_MODULES = YES;
				CLANG_ENABLE_OBJC_ARC = YES;
				CLANG_ENABLE_OBJC_WEAK = YES;
				CLANG_WARN_BLOCK_CAPTURE_AUTORELEASING = YES;
				CLANG_WARN_BOOL_CONVERSION = YES;
				CLANG_WARN_COMMA = YES;
				CLANG_WARN_CONSTANT_CONVERSION = YES;
				CLANG_WARN_DEPRECATED_OBJC_IMPLEMENTATIONS = YES;
				CLANG_WARN_DIRECT_OBJC_ISA_USAGE = YES_ERROR;
				CLANG_WARN_DOCUMENTATION_COMMENTS = YES;
				CLANG_WARN_EMPTY_BODY = YES;
				CLANG_WARN_ENUM_CONVERSION = YES;
				CLANG_WARN_INFINITE_RECURSION = YES;
				CLANG_WARN_INT_CONVERSION = YES;
				CLANG_WARN_NON_LITERAL_NULL_CONVERSION = YES;
				CLANG_WARN_OBJC_IMPLICIT_RETAIN_SELF = YES;
				CLANG_WARN_OBJC_LITERAL_CONVERSION = YES;
				CLANG_WARN_OBJC_ROOT_CLASS = YES_ERROR;
				CLANG_WARN_QUOTED_INCLUDE_IN_FRAMEWORK_HEADER = YES;
				CLANG_WARN_RANGE_LOOP_ANALYSIS = YES;
				CLANG_WARN_STRICT_PROTOTYPES = YES;
				CLANG_WARN_SUSPICIOUS_MOVE = YES;
				CLANG_WARN_UNGUARDED_AVAILABILITY = YES_AGGRESSIVE;
				CLANG_WARN_UNREACHABLE_CODE = YES;
				CLANG_WARN__DUPLICATE_METHOD_MATCH = YES;
				COPY_PHASE_STRIP = NO;
				DEBUG_INFORMATION_FORMAT = "dwarf-with-dsym";
				ENABLE_NS_ASSERTIONS = NO;
				ENABLE_STRICT_OBJC_MSGSEND = YES;
				GCC_C_LANGUAGE_STANDARD = gnu11;
				GCC_NO_COMMON_BLOCKS = YES;
				GCC_WARN_64_TO_32_BIT_CONVERSION = YES;
				GCC_WARN_ABOUT_RETURN_TYPE = YES_ERROR;
				GCC_WARN_UNDECLARED_SELECTOR = YES;
				GCC_WARN_UNINITIALIZED_AUTOS = YES_AGGRESSIVE;
				GCC_WARN_UNUSED_FUNCTION = YES;
				GCC_WARN_UNUSED_VARIABLE = YES;
				IPHONEOS_DEPLOYMENT_TARGET = 15.5;
				MTL_ENABLE_DEBUG_INFO = NO;
				MTL_FAST_MATH = YES;
				SDKROOT = iphoneos;
				SWIFT_COMPILATION_MODE = wholemodule;
				SWIFT_OPTIMIZATION_LEVEL = "-O";
				VALIDATE_PRODUCT = YES;
			};
			name = Release;
		};
		18F2E0732A963753008970C0 /* Debug */ = {
			isa = XCBuildConfiguration;
			buildSettings = {
				ASSETCATALOG_COMPILER_APPICON_NAME = AppIcon;
				ASSETCATALOG_COMPILER_GLOBAL_ACCENT_COLOR_NAME = AccentColor;
				CODE_SIGN_STYLE = Automatic;
				CURRENT_PROJECT_VERSION = 1;
				DEVELOPMENT_ASSET_PATHS = "\"LadkeiOS/Preview Content\"";
				ENABLE_PREVIEWS = YES;
				GENERATE_INFOPLIST_FILE = YES;
				INFOPLIST_KEY_UIApplicationSceneManifest_Generation = YES;
				INFOPLIST_KEY_UIApplicationSupportsIndirectInputEvents = YES;
				INFOPLIST_KEY_UILaunchScreen_Generation = YES;
				INFOPLIST_KEY_UISupportedInterfaceOrientations_iPad = "UIInterfaceOrientationPortrait UIInterfaceOrientationPortraitUpsideDown UIInterfaceOrientationLandscapeLeft UIInterfaceOrientationLandscapeRight";
				INFOPLIST_KEY_UISupportedInterfaceOrientations_iPhone = "UIInterfaceOrientationPortrait UIInterfaceOrientationLandscapeLeft UIInterfaceOrientationLandscapeRight";
				LD_RUNPATH_SEARCH_PATHS = (
					"$(inherited)",
					"@executable_path/Frameworks",
				);
				MARKETING_VERSION = 1.0;
				PRODUCT_BUNDLE_IDENTIFIER = com.ladke.LadkeiOS;
				PRODUCT_NAME = "$(TARGET_NAME)";
				SWIFT_EMIT_LOC_STRINGS = YES;
				SWIFT_VERSION = 5.0;
				TARGETED_DEVICE_FAMILY = "1,2";
			};
			name = Debug;
		};
		18F2E0742A963753008970C0 /* Release */ = {
			isa = XCBuildConfiguration;
			buildSettings = {
				ASSETCATALOG_COMPILER_APPICON_NAME = AppIcon;
				ASSETCATALOG_COMPILER_GLOBAL_ACCENT_COLOR_NAME = AccentColor;
				CODE_SIGN_STYLE = Automatic;
				CURRENT_PROJECT_VERSION = 1;
				DEVELOPMENT_ASSET_PATHS = "\"LadkeiOS/Preview Content\"";
				ENABLE_PREVIEWS = YES;
				GENERATE_INFOPLIST_FILE = YES;
				INFOPLIST_KEY_UIApplicationSceneManifest_Generation = YES;
				INFOPLIST_KEY_UIApplicationSupportsIndirectInputEvents = YES;
				INFOPLIST_KEY_UILaunchScreen_Generation = YES;
				INFOPLIST_KEY_UISupportedInterfaceOrientations_iPad = "UIInterfaceOrientationPortrait UIInterfaceOrientationPortraitUpsideDown UIInterfaceOrientationLandscapeLeft UIInterfaceOrientationLandscapeRight";
				INFOPLIST_KEY_UISupportedInterfaceOrientations_iPhone = "UIInterfaceOrientationPortrait UIInterfaceOrientationLandscapeLeft UIInterfaceOrientationLandscapeRight";
				LD_RUNPATH_SEARCH_PATHS = (
					"$(inherited)",
					"@executable_path/Frameworks",
				);
				MARKETING_VERSION = 1.0;
				PRODUCT_BUNDLE_IDENTIFIER = com.ladke.LadkeiOS;
				PRODUCT_NAME = "$(TARGET_NAME)";
				SWIFT_EMIT_LOC_STRINGS = YES;
				SWIFT_VERSION = 5.0;
				TARGETED_DEVICE_FAMILY = "1,2";
			};
			name = Release;
		};
		18F2E0762A963753008970C0 /* Debug */ = {
			isa = XCBuildConfiguration;
			buildSettings = {
				ALWAYS_EMBED_SWIFT_STANDARD_LIBRARIES = YES;
				BUNDLE_LOADER = "$(TEST_HOST)";
				CODE_SIGN_STYLE = Automatic;
				CURRENT_PROJECT_VERSION = 1;
				GENERATE_INFOPLIST_FILE = YES;
				IPHONEOS_DEPLOYMENT_TARGET = 15.5;
				MARKETING_VERSION = 1.0;
				PRODUCT_BUNDLE_IDENTIFIER = com.ladke.LadkeiOSTests;
				PRODUCT_NAME = "$(TARGET_NAME)";
				SWIFT_EMIT_LOC_STRINGS = NO;
				SWIFT_VERSION = 5.0;
				TARGETED_DEVICE_FAMILY = "1,2";
				TEST_HOST = "$(BUILT_PRODUCTS_DIR)/LadkeiOS.app/LadkeiOS";
			};
			name = Debug;
		};
		18F2E0772A963753008970C0 /* Release */ = {
			isa = XCBuildConfiguration;
			buildSettings = {
				ALWAYS_EMBED_SWIFT_STANDARD_LIBRARIES = YES;
				BUNDLE_LOADER = "$(TEST_HOST)";
				CODE_SIGN_STYLE = Automatic;
				CURRENT_PROJECT_VERSION = 1;
				GENERATE_INFOPLIST_FILE = YES;
				IPHONEOS_DEPLOYMENT_TARGET = 15.5;
				MARKETING_VERSION = 1.0;
				PRODUCT_BUNDLE_IDENTIFIER = com.ladke.LadkeiOSTests;
				PRODUCT_NAME = "$(TARGET_NAME)";
				SWIFT_EMIT_LOC_STRINGS = NO;
				SWIFT_VERSION = 5.0;
				TARGETED_DEVICE_FAMILY = "1,2";
				TEST_HOST = "$(BUILT_PRODUCTS_DIR)/LadkeiOS.app/LadkeiOS";
			};
			name = Release;
		};
		18F2E0792A963753008970C0 /* Debug */ = {
			isa = XCBuildConfiguration;
			buildSettings = {
				ALWAYS_EMBED_SWIFT_STANDARD_LIBRARIES = YES;
				CODE_SIGN_STYLE = Automatic;
				CURRENT_PROJECT_VERSION = 1;
				GENERATE_INFOPLIST_FILE = YES;
				MARKETING_VERSION = 1.0;
				PRODUCT_BUNDLE_IDENTIFIER = com.ladke.LadkeiOSUITests;
				PRODUCT_NAME = "$(TARGET_NAME)";
				SWIFT_EMIT_LOC_STRINGS = NO;
				SWIFT_VERSION = 5.0;
				TARGETED_DEVICE_FAMILY = "1,2";
				TEST_TARGET_NAME = LadkeiOS;
			};
			name = Debug;
		};
		18F2E07A2A963753008970C0 /* Release */ = {
			isa = XCBuildConfiguration;
			buildSettings = {
				ALWAYS_EMBED_SWIFT_STANDARD_LIBRARIES = YES;
				CODE_SIGN_STYLE = Automatic;
				CURRENT_PROJECT_VERSION = 1;
				GENERATE_INFOPLIST_FILE = YES;
				MARKETING_VERSION = 1.0;
				PRODUCT_BUNDLE_IDENTIFIER = com.ladke.LadkeiOSUITests;
				PRODUCT_NAME = "$(TARGET_NAME)";
				SWIFT_EMIT_LOC_STRINGS = NO;
				SWIFT_VERSION = 5.0;
				TARGETED_DEVICE_FAMILY = "1,2";
				TEST_TARGET_NAME = LadkeiOS;
			};
			name = Release;
		};
/* End XCBuildConfiguration section */

/* Begin XCConfigurationList section */
		18F2E0442A96374E008970C0 /* Build configuration list for PBXProject "LadkeiOS" */ = {
			isa = XCConfigurationList;
			buildConfigurations = (
				18F2E0702A963753008970C0 /* Debug */,
				18F2E0712A963753008970C0 /* Release */,
			);
			defaultConfigurationIsVisible = 0;
			defaultConfigurationName = Release;
		};
		18F2E0722A963753008970C0 /* Build configuration list for PBXNativeTarget "LadkeiOS" */ = {
			isa = XCConfigurationList;
			buildConfigurations = (
				18F2E0732A963753008970C0 /* Debug */,
				18F2E0742A963753008970C0 /* Release */,
			);
			defaultConfigurationIsVisible = 0;
			defaultConfigurationName = Release;
		};
		18F2E0752A963753008970C0 /* Build configuration list for PBXNativeTarget "LadkeiOSTests" */ = {
			isa = XCConfigurationList;
			buildConfigurations = (
				18F2E0762A963753008970C0 /* Debug */,
				18F2E0772A963753008970C0 /* Release */,
			);
			defaultConfigurationIsVisible = 0;
			defaultConfigurationName = Release;
		};
		18F2E0782A963753008970C0 /* Build configuration list for PBXNativeTarget "LadkeiOSUITests" */ = {
			isa = XCConfigurationList;
			buildConfigurations = (
				18F2E0792A963753008970C0 /* Debug */,
				18F2E07A2A963753008970C0 /* Release */,
			);
			defaultConfigurationIsVisible = 0;
			defaultConfigurationName = Release;
		};
/* End XCConfigurationList section */

/* Begin XCVersionGroup section */
		18F2E0572A963753008970C0 /* LadkeiOS.xcdatamodeld */ = {
			isa = XCVersionGroup;
			children = (
				18F2E0582A963753008970C0 /* LadkeiOS.xcdatamodel */,
			);
			currentVersion = 18F2E0582A963753008970C0 /* LadkeiOS.xcdatamodel */;
			path = LadkeiOS.xcdatamodeld;
			sourceTree = "<group>";
			versionGroupType = wrapper.xcdatamodel;
		};
/* End XCVersionGroup section */
	};
	rootObject = 18F2E0412A96374E008970C0 /* Project object */;
}
